
Microsoft Visual Studio Solution File, Format Version 12.00
# Visual Studio Version 17
VisualStudioVersion = 17.3.32929.385
MinimumVisualStudioVersion = 10.0.40219.1
Project("{FAE04EC0-301F-11D3-BF4B-00C04F79EFBC}") = "Folder analiser console v2", "Folder analiser console v2\Folder analiser console v2.csproj", "{F823A534-F736-4EF0-8E9B-14F7355A85EE}"
EndProject
Global
	GlobalSection(SolutionConfigurationPlatforms) = preSolution
		Debug|Any CPU = Debug|Any CPU
		Release|Any CPU = Release|Any CPU
	EndGlobalSection
	GlobalSection(ProjectConfigurationPlatforms) = postSolution
		{F823A534-F736-4EF0-8E9B-14F7355A85EE}.Debug|Any CPU.ActiveCfg = Debug|Any CPU
		{F823A534-F736-4EF0-8E9B-14F7355A85EE}.Debug|Any CPU.Build.0 = Debug|Any CPU
		{F823A534-F736-4EF0-8E9B-14F7355A85EE}.Release|Any CPU.ActiveCfg = Release|Any CPU
		{F823A534-F736-4EF0-8E9B-14F7355A85EE}.Release|Any CPU.Build.0 = Release|Any CPU
	EndGlobalSection
	GlobalSection(SolutionProperties) = preSolution
		HideSolutionNode = FALSE
	EndGlobalSection
	GlobalSection(ExtensibilityGlobals) = postSolution
		SolutionGuid = {1181AE98-CBF9-4894-B5AA-1E54F0FD3142}
	EndGlobalSection
EndGlobal
